
Microsoft Visual Studio Solution File, Format Version 12.00
# Visual Studio 15
VisualStudioVersion = 15.0.26730.15
MinimumVisualStudioVersion = 10.0.40219.1
Project("{2150E333-8FDC-42A3-9474-1A3956D46DE8}") = "Solution Items", "Solution Items", "{B1C71AC0-4ACE-4F44-ADCE-145730F7685B}"
	ProjectSection(SolutionItems) = preProject
		common.props = common.props
		NuGet.config = NuGet.config
	EndProjectSection
EndProject
Project("{FAE04EC0-301F-11D3-BF4B-00C04F79EFBC}") = "Rox.Extension", "Rox.Extension\Rox.Extension.csproj", "{A0F83256-20D6-4A46-8D50-CA8B107D547D}"
EndProject
Global
	GlobalSection(SolutionConfigurationPlatforms) = preSolution
		Debug|Any CPU = Debug|Any CPU
		Release|Any CPU = Release|Any CPU
	EndGlobalSection
	GlobalSection(ProjectConfigurationPlatforms) = postSolution
		{A0F83256-20D6-4A46-8D50-CA8B107D547D}.Debug|Any CPU.ActiveCfg = Debug|Any CPU
		{A0F83256-20D6-4A46-8D50-CA8B107D547D}.Debug|Any CPU.Build.0 = Debug|Any CPU
		{A0F83256-20D6-4A46-8D50-CA8B107D547D}.Release|Any CPU.ActiveCfg = Release|Any CPU
		{A0F83256-20D6-4A46-8D50-CA8B107D547D}.Release|Any CPU.Build.0 = Release|Any CPU
	EndGlobalSection
	GlobalSection(SolutionProperties) = preSolution
		HideSolutionNode = FALSE
	EndGlobalSection
	GlobalSection(ExtensibilityGlobals) = postSolution
		SolutionGuid = {C4DDB975-A259-4BFD-B5BB-8E8CDBA07A0E}
	EndGlobalSection
EndGlobal
